
Microsoft Visual Studio Solution File, Format Version 12.00
# Visual Studio 14
VisualStudioVersion = 14.0.25420.1
MinimumVisualStudioVersion = 10.0.40219.1
Project("{FAE04EC0-301F-11D3-BF4B-00C04F79EFBC}") = "Hello", "Hello\Hello.csproj", "{7E26AAEE-1F2C-4BF7-86EE-DCA073E53743}"
EndProject
Project("{FAE04EC0-301F-11D3-BF4B-00C04F79EFBC}") = "HelloTest", "HelloTest\HelloTest.csproj", "{A7375520-F093-4711-92CF-7FFBDE11834C}"
EndProject
Global
	GlobalSection(SolutionConfigurationPlatforms) = preSolution
		Debug|Any CPU = Debug|Any CPU
		Release|Any CPU = Release|Any CPU
	EndGlobalSection
	GlobalSection(ProjectConfigurationPlatforms) = postSolution
		{7E26AAEE-1F2C-4BF7-86EE-DCA073E53743}.Debug|Any CPU.ActiveCfg = Debug|Any CPU
		{7E26AAEE-1F2C-4BF7-86EE-DCA073E53743}.Debug|Any CPU.Build.0 = Debug|Any CPU
		{7E26AAEE-1F2C-4BF7-86EE-DCA073E53743}.Release|Any CPU.ActiveCfg = Release|Any CPU
		{7E26AAEE-1F2C-4BF7-86EE-DCA073E53743}.Release|Any CPU.Build.0 = Release|Any CPU
		{A7375520-F093-4711-92CF-7FFBDE11834C}.Debug|Any CPU.ActiveCfg = Debug|Any CPU
		{A7375520-F093-4711-92CF-7FFBDE11834C}.Debug|Any CPU.Build.0 = Debug|Any CPU
		{A7375520-F093-4711-92CF-7FFBDE11834C}.Release|Any CPU.ActiveCfg = Release|Any CPU
		{A7375520-F093-4711-92CF-7FFBDE11834C}.Release|Any CPU.Build.0 = Release|Any CPU
	EndGlobalSection
	GlobalSection(SolutionProperties) = preSolution
		HideSolutionNode = FALSE
	EndGlobalSection
EndGlobal
